{
  "lockfile_version": "1",
  "packages": {
    "cargo": {
      "resolved": "github:NixOS/nixpkgs/fef9403a3e4d31b0a23f0bacebbec52c248fbb51?narHash=sha256-pF1quXG5wsgtyuPOHcLfYg%2Fft%2FQMr8NnX0i6tW2187s%3D#cargo",
      "source": "nixpkg"
    },
    "clang": {
      "resolved": "github:NixOS/nixpkgs/fef9403a3e4d31b0a23f0bacebbec52c248fbb51?narHash=sha256-pF1quXG5wsgtyuPOHcLfYg%2Fft%2FQMr8NnX0i6tW2187s%3D#clang",
      "source": "nixpkg"
    },
    "clippy": {
      "resolved": "github:NixOS/nixpkgs/fef9403a3e4d31b0a23f0bacebbec52c248fbb51?narHash=sha256-pF1quXG5wsgtyuPOHcLfYg%2Fft%2FQMr8NnX0i6tW2187s%3D#clippy",
      "source": "nixpkg"
    },
    "git": {
      "resolved": "github:NixOS/nixpkgs/fef9403a3e4d31b0a23f0bacebbec52c248fbb51?narHash=sha256-pF1quXG5wsgtyuPOHcLfYg%2Fft%2FQMr8NnX0i6tW2187s%3D#git",
      "source": "nixpkg"
    },
    "github:NixOS/nixpkgs/nixpkgs-unstable": {
      "last_modified": "2026-02-08T07:51:33Z",
      "resolved": "github:NixOS/nixpkgs/fef9403a3e4d31b0a23f0bacebbec52c248fbb51?lastModified=1770537093&narHash=sha256-pF1quXG5wsgtyuPOHcLfYg%2Fft%2FQMr8NnX0i6tW2187s%3D"
    },
    "just": {
      "resolved": "github:NixOS/nixpkgs/fef9403a3e4d31b0a23f0bacebbec52c248fbb51?narHash=sha256-pF1quXG5wsgtyuPOHcLfYg%2Fft%2FQMr8NnX0i6tW2187s%3D#just",
      "source": "nixpkg"
    },
    "libgit2": {
      "resolved": "github:NixOS/nixpkgs/fef9403a3e4d31b0a23f0bacebbec52c248fbb51?narHash=sha256-pF1quXG5wsgtyuPOHcLfYg%2Fft%2FQMr8NnX0i6tW2187s%3D#libgit2",
      "source": "nixpkg"
    },
    "openssl": {
      "resolved": "github:NixOS/nixpkgs/fef9403a3e4d31b0a23f0bacebbec52c248fbb51?narHash=sha256-pF1quXG5wsgtyuPOHcLfYg%2Fft%2FQMr8NnX0i6tW2187s%3D#openssl",
      "source": "nixpkg"
    },
    "pkg-config": {
      "resolved": "github:NixOS/nixpkgs/fef9403a3e4d31b0a23f0bacebbec52c248fbb51?narHash=sha256-pF1quXG5wsgtyuPOHcLfYg%2Fft%2FQMr8NnX0i6tW2187s%3D#pkg-config",
      "source": "nixpkg"
    },
    "rust-analyzer": {
      "resolved": "github:NixOS/nixpkgs/fef9403a3e4d31b0a23f0bacebbec52c248fbb51?narHash=sha256-pF1quXG5wsgtyuPOHcLfYg%2Fft%2FQMr8NnX0i6tW2187s%3D#rust-analyzer",
      "source": "nixpkg"
    },
    "rustc": {
      "plugin_version": "0.0.1",
      "resolved": "github:NixOS/nixpkgs/fef9403a3e4d31b0a23f0bacebbec52c248fbb51?narHash=sha256-pF1quXG5wsgtyuPOHcLfYg%2Fft%2FQMr8NnX0i6tW2187s%3D#rustc",
      "source": "nixpkg"
    },
    "rustfmt": {
      "resolved": "github:NixOS/nixpkgs/fef9403a3e4d31b0a23f0bacebbec52c248fbb51?narHash=sha256-pF1quXG5wsgtyuPOHcLfYg%2Fft%2FQMr8NnX0i6tW2187s%3D#rustfmt",
      "source": "nixpkg"
    },
    "universal-ctags": {
      "resolved": "github:NixOS/nixpkgs/fef9403a3e4d31b0a23f0bacebbec52c248fbb51?narHash=sha256-pF1quXG5wsgtyuPOHcLfYg%2Fft%2FQMr8NnX0i6tW2187s%3D#universal-ctags",
      "source": "nixpkg"
    },
    "zlib": {
      "resolved": "github:NixOS/nixpkgs/fef9403a3e4d31b0a23f0bacebbec52c248fbb51?narHash=sha256-pF1quXG5wsgtyuPOHcLfYg%2Fft%2FQMr8NnX0i6tW2187s%3D#zlib",
      "source": "nixpkg"
    }
  }
}
